// !$*UTF8*$!
{
	archiveVersion = 1;
	classes = {
	};
	objectVersion = 50;
	objects = {

/* Begin PBXBuildFile section */
		AAA15D7B2266815A00934A92 /* AppDelegate.swift in Sources */ = {isa = PBXBuildFile; fileRef = AAA15D7A2266815A00934A92 /* AppDelegate.swift */; };
		AAA15D7D2266815A00934A92 /* ViewController.swift in Sources */ = {isa = PBXBuildFile; fileRef = AAA15D7C2266815A00934A92 /* ViewController.swift */; };
		AAA15D802266815A00934A92 /* Main.storyboard in Resources */ = {isa = PBXBuildFile; fileRef = AAA15D7E2266815A00934A92 /* Main.storyboard */; };
		AAA15D822266815B00934A92 /* Assets.xcassets in Resources */ = {isa = PBXBuildFile; fileRef = AAA15D812266815B00934A92 /* Assets.xcassets */; };
		AAA15D852266815B00934A92 /* LaunchScreen.storyboard in Resources */ = {isa = PBXBuildFile; fileRef = AAA15D832266815B00934A92 /* LaunchScreen.storyboard */; };
		AAA15D97226683E900934A92 /* nssl0049.jpg in Resources */ = {isa = PBXBuildFile; fileRef = AAA15D8D226683E900934A92 /* nssl0049.jpg */; };
		AAA15D98226683E900934A92 /* nssl0046.jpg in Resources */ = {isa = PBXBuildFile; fileRef = AAA15D8E226683E900934A92 /* nssl0046.jpg */; };
		AAA15D99226683E900934A92 /* nssl0091.jpg in Resources */ = {isa = PBXBuildFile; fileRef = AAA15D8F226683E900934A92 /* nssl0091.jpg */; };
		AAA15D9A226683E900934A92 /* nssl0045.jpg in Resources */ = {isa = PBXBuildFile; fileRef = AAA15D90226683E900934A92 /* nssl0045.jpg */; };
		AAA15D9B226683E900934A92 /* nssl0051.jpg in Resources */ = {isa = PBXBuildFile; fileRef = AAA15D91226683E900934A92 /* nssl0051.jpg */; };
		AAA15D9C226683E900934A92 /* nssl0041.jpg in Resources */ = {isa = PBXBuildFile; fileRef = AAA15D92226683E900934A92 /* nssl0041.jpg */; };
		AAA15D9D226683E900934A92 /* nssl0042.jpg in Resources */ = {isa = PBXBuildFile; fileRef = AAA15D93226683E900934A92 /* nssl0042.jpg */; };
		AAA15D9E226683E900934A92 /* nssl0043.jpg in Resources */ = {isa = PBXBuildFile; fileRef = AAA15D94226683E900934A92 /* nssl0043.jpg */; };
		AAA15D9F226683E900934A92 /* nssl0033.jpg in Resources */ = {isa = PBXBuildFile; fileRef = AAA15D95226683E900934A92 /* nssl0033.jpg */; };
		AAA15DA0226683E900934A92 /* nssl0034.jpg in Resources */ = {isa = PBXBuildFile; fileRef = AAA15D96226683E900934A92 /* nssl0034.jpg */; };
		AAF57D122268495C00129400 /* DetailViewController.swift in Sources */ = {isa = PBXBuildFile; fileRef = AAF57D112268495C00129400 /* DetailViewController.swift */; };
/* End PBXBuildFile section */

/* Begin PBXFileReference section */
		AAA15D772266815A00934A92 /* StormViewer.app */ = {isa = PBXFileReference; explicitFileType = wrapper.application; includeInIndex = 0; path = StormViewer.app; sourceTree = BUILT_PRODUCTS_DIR; };
		AAA15D7A2266815A00934A92 /* AppDelegate.swift */ = {isa = PBXFileReference; lastKnownFileType = sourcecode.swift; path = AppDelegate.swift; sourceTree = "<group>"; };
		AAA15D7C2266815A00934A92 /* ViewController.swift */ = {isa = PBXFileReference; lastKnownFileType = sourcecode.swift; path = ViewController.swift; sourceTree = "<group>"; };
		AAA15D7F2266815A00934A92 /* Base */ = {isa = PBXFileReference; lastKnownFileType = file.storyboard; name = Base; path = Base.lproj/Main.storyboard; sourceTree = "<group>"; };
		AAA15D812266815B00934A92 /* Assets.xcassets */ = {isa = PBXFileReference; lastKnownFileType = folder.assetcatalog; path = Assets.xcassets; sourceTree = "<group>"; };
		AAA15D842266815B00934A92 /* Base */ = {isa = PBXFileReference; lastKnownFileType = file.storyboard; name = Base; path = Base.lproj/LaunchScreen.storyboard; sourceTree = "<group>"; };
		AAA15D862266815B00934A92 /* Info.plist */ = {isa = PBXFileReference; lastKnownFileType = text.plist.xml; path = Info.plist; sourceTree = "<group>"; };
		AAA15D8D226683E900934A92 /* nssl0049.jpg */ = {isa = PBXFileReference; lastKnownFileType = image.jpeg; path = nssl0049.jpg; sourceTree = "<group>"; };
		AAA15D8E226683E900934A92 /* nssl0046.jpg */ = {isa = PBXFileReference; lastKnownFileType = image.jpeg; path = nssl0046.jpg; sourceTree = "<group>"; };
		AAA15D8F226683E900934A92 /* nssl0091.jpg */ = {isa = PBXFileReference; lastKnownFileType = image.jpeg; path = nssl0091.jpg; sourceTree = "<group>"; };
		AAA15D90226683E900934A92 /* nssl0045.jpg */ = {isa = PBXFileReference; lastKnownFileType = image.jpeg; path = nssl0045.jpg; sourceTree = "<group>"; };
		AAA15D91226683E900934A92 /* nssl0051.jpg */ = {isa = PBXFileReference; lastKnownFileType = image.jpeg; path = nssl0051.jpg; sourceTree = "<group>"; };
		AAA15D92226683E900934A92 /* nssl0041.jpg */ = {isa = PBXFileReference; lastKnownFileType = image.jpeg; path = nssl0041.jpg; sourceTree = "<group>"; };
		AAA15D93226683E900934A92 /* nssl0042.jpg */ = {isa = PBXFileReference; lastKnownFileType = image.jpeg; path = nssl0042.jpg; sourceTree = "<group>"; };
		AAA15D94226683E900934A92 /* nssl0043.jpg */ = {isa = PBXFileReference; lastKnownFileType = image.jpeg; path = nssl0043.jpg; sourceTree = "<group>"; };
		AAA15D95226683E900934A92 /* nssl0033.jpg */ = {isa = PBXFileReference; lastKnownFileType = image.jpeg; path = nssl0033.jpg; sourceTree = "<group>"; };
		AAA15D96226683E900934A92 /* nssl0034.jpg */ = {isa = PBXFileReference; lastKnownFileType = image.jpeg; path = nssl0034.jpg; sourceTree = "<group>"; };
		AAF57D112268495C00129400 /* DetailViewController.swift */ = {isa = PBXFileReference; lastKnownFileType = sourcecode.swift; path = DetailViewController.swift; sourceTree = "<group>"; };
/* End PBXFileReference section */

/* Begin PBXFrameworksBuildPhase section */
		AAA15D742266815A00934A92 /* Frameworks */ = {
			isa = PBXFrameworksBuildPhase;
			buildActionMask = 2147483647;
			files = (
			);
			runOnlyForDeploymentPostprocessing = 0;
		};
/* End PBXFrameworksBuildPhase section */

/* Begin PBXGroup section */
		AAA15D6E2266815A00934A92 = {
			isa = PBXGroup;
			children = (
				AAA15D792266815A00934A92 /* StormViewer */,
				AAA15D782266815A00934A92 /* Products */,
			);
			sourceTree = "<group>";
		};
		AAA15D782266815A00934A92 /* Products */ = {
			isa = PBXGroup;
			children = (
				AAA15D772266815A00934A92 /* StormViewer.app */,
			);
			name = Products;
			sourceTree = "<group>";
		};
		AAA15D792266815A00934A92 /* StormViewer */ = {
			isa = PBXGroup;
			children = (
				AAA15D7E2266815A00934A92 /* Main.storyboard */,
				AAA15D7C2266815A00934A92 /* ViewController.swift */,
				AAF57D112268495C00129400 /* DetailViewController.swift */,
				AAA15D862266815B00934A92 /* Info.plist */,
				AAA15D812266815B00934A92 /* Assets.xcassets */,
				AAEDD4B122690FE2006B20E5 /* Support files */,
				AAA15D8C226683E900934A92 /* Content */,
			);
			path = StormViewer;
			sourceTree = "<group>";
		};
		AAA15D8C226683E900934A92 /* Content */ = {
			isa = PBXGroup;
			children = (
				AAA15D8D226683E900934A92 /* nssl0049.jpg */,
				AAA15D8E226683E900934A92 /* nssl0046.jpg */,
				AAA15D8F226683E900934A92 /* nssl0091.jpg */,
				AAA15D90226683E900934A92 /* nssl0045.jpg */,
				AAA15D91226683E900934A92 /* nssl0051.jpg */,
				AAA15D92226683E900934A92 /* nssl0041.jpg */,
				AAA15D93226683E900934A92 /* nssl0042.jpg */,
				AAA15D94226683E900934A92 /* nssl0043.jpg */,
				AAA15D95226683E900934A92 /* nssl0033.jpg */,
				AAA15D96226683E900934A92 /* nssl0034.jpg */,
			);
			path = Content;
			sourceTree = "<group>";
		};
		AAEDD4B122690FE2006B20E5 /* Support files */ = {
			isa = PBXGroup;
			children = (
				AAA15D7A2266815A00934A92 /* AppDelegate.swift */,
				AAA15D832266815B00934A92 /* LaunchScreen.storyboard */,
			);
			path = "Support files";
			sourceTree = "<group>";
		};
/* End PBXGroup section */

/* Begin PBXNativeTarget section */
		AAA15D762266815A00934A92 /* StormViewer */ = {
			isa = PBXNativeTarget;
			buildConfigurationList = AAA15D892266815B00934A92 /* Build configuration list for PBXNativeTarget "StormViewer" */;
			buildPhases = (
				AAA15D732266815A00934A92 /* Sources */,
				AAA15D742266815A00934A92 /* Frameworks */,
				AAA15D752266815A00934A92 /* Resources */,
			);
			buildRules = (
			);
			dependencies = (
			);
			name = StormViewer;
			productName = StormViewer;
			productReference = AAA15D772266815A00934A92 /* StormViewer.app */;
			productType = "com.apple.product-type.application";
		};
/* End PBXNativeTarget section */

/* Begin PBXProject section */
		AAA15D6F2266815A00934A92 /* Project object */ = {
			isa = PBXProject;
			attributes = {
				LastSwiftUpdateCheck = 1010;
				LastUpgradeCheck = 1010;
				ORGANIZATIONNAME = ivsath;
				TargetAttributes = {
					AAA15D762266815A00934A92 = {
						CreatedOnToolsVersion = 10.1;
					};
				};
			};
			buildConfigurationList = AAA15D722266815A00934A92 /* Build configuration list for PBXProject "StormViewer" */;
			compatibilityVersion = "Xcode 9.3";
			developmentRegion = en;
			hasScannedForEncodings = 0;
			knownRegions = (
				en,
				Base,
			);
			mainGroup = AAA15D6E2266815A00934A92;
			productRefGroup = AAA15D782266815A00934A92 /* Products */;
			projectDirPath = "";
			projectRoot = "";
			targets = (
				AAA15D762266815A00934A92 /* StormViewer */,
			);
		};
/* End PBXProject section */

/* Begin PBXResourcesBuildPhase section */
		AAA15D752266815A00934A92 /* Resources */ = {
			isa = PBXResourcesBuildPhase;
			buildActionMask = 2147483647;
			files = (
				AAA15D98226683E900934A92 /* nssl0046.jpg in Resources */,
				AAA15D9F226683E900934A92 /* nssl0033.jpg in Resources */,
				AAA15D9B226683E900934A92 /* nssl0051.jpg in Resources */,
				AAA15D99226683E900934A92 /* nssl0091.jpg in Resources */,
				AAA15D9E226683E900934A92 /* nssl0043.jpg in Resources */,
				AAA15DA0226683E900934A92 /* nssl0034.jpg in Resources */,
				AAA15D97226683E900934A92 /* nssl0049.jpg in Resources */,
				AAA15D9C226683E900934A92 /* nssl0041.jpg in Resources */,
				AAA15D9D226683E900934A92 /* nssl0042.jpg in Resources */,
				AAA15D852266815B00934A92 /* LaunchScreen.storyboard in Resources */,
				AAA15D822266815B00934A92 /* Assets.xcassets in Resources */,
				AAA15D9A226683E900934A92 /* nssl0045.jpg in Resources */,
				AAA15D802266815A00934A92 /* Main.storyboard in Resources */,
			);
			runOnlyForDeploymentPostprocessing = 0;
		};
/* End PBXResourcesBuildPhase section */

/* Begin PBXSourcesBuildPhase section */
		AAA15D732266815A00934A92 /* Sources */ = {
			isa = PBXSourcesBuildPhase;
			buildActionMask = 2147483647;
			files = (
				AAF57D122268495C00129400 /* DetailViewController.swift in Sources */,
				AAA15D7D2266815A00934A92 /* ViewController.swift in Sources */,
				AAA15D7B2266815A00934A92 /* AppDelegate.swift in Sources */,
			);
			runOnlyForDeploymentPostprocessing = 0;
		};
/* End PBXSourcesBuildPhase section */

/* Begin PBXVariantGroup section */
		AAA15D7E2266815A00934A92 /* Main.storyboard */ = {
			isa = PBXVariantGroup;
			children = (
				AAA15D7F2266815A00934A92 /* Base */,
			);
			name = Main.storyboard;
			sourceTree = "<group>";
		};
		AAA15D832266815B00934A92 /* LaunchScreen.storyboard */ = {
			isa = PBXVariantGroup;
			children = (
				AAA15D842266815B00934A92 /* Base */,
			);
			name = LaunchScreen.storyboard;
			sourceTree = "<group>";
		};
/* End PBXVariantGroup section */

/* Begin XCBuildConfiguration section */
		AAA15D872266815B00934A92 /* Debug */ = {
			isa = XCBuildConfiguration;
			buildSettings = {
				ALWAYS_SEARCH_USER_PATHS = NO;
				CLANG_ANALYZER_NONNULL = YES;
				CLANG_ANALYZER_NUMBER_OBJECT_CONVERSION = YES_AGGRESSIVE;
				CLANG_CXX_LANGUAGE_STANDARD = "gnu++14";
				CLANG_CXX_LIBRARY = "libc++";
				CLANG_ENABLE_MODULES = YES;
				CLANG_ENABLE_OBJC_ARC = YES;
				CLANG_ENABLE_OBJC_WEAK = YES;
				CLANG_WARN_BLOCK_CAPTURE_AUTORELEASING = YES;
				CLANG_WARN_BOOL_CONVERSION = YES;
				CLANG_WARN_COMMA = YES;
				CLANG_WARN_CONSTANT_CONVERSION = YES;
				CLANG_WARN_DEPRECATED_OBJC_IMPLEMENTATIONS = YES;
				CLANG_WARN_DIRECT_OBJC_ISA_USAGE = YES_ERROR;
				CLANG_WARN_DOCUMENTATION_COMMENTS = YES;
				CLANG_WARN_EMPTY_BODY = YES;
				CLANG_WARN_ENUM_CONVERSION = YES;
				CLANG_WARN_INFINITE_RECURSION = YES;
				CLANG_WARN_INT_CONVERSION = YES;
				CLANG_WARN_NON_LITERAL_NULL_CONVERSION = YES;
				CLANG_WARN_OBJC_IMPLICIT_RETAIN_SELF = YES;
				CLANG_WARN_OBJC_LITERAL_CONVERSION = YES;
				CLANG_WARN_OBJC_ROOT_CLASS = YES_ERROR;
				CLANG_WARN_RANGE_LOOP_ANALYSIS = YES;
				CLANG_WARN_STRICT_PROTOTYPES = YES;
				CLANG_WARN_SUSPICIOUS_MOVE = YES;
				CLANG_WARN_UNGUARDED_AVAILABILITY = YES_AGGRESSIVE;
				CLANG_WARN_UNREACHABLE_CODE = YES;
				CLANG_WARN__DUPLICATE_METHOD_MATCH = YES;
				CODE_SIGN_IDENTITY = "iPhone Developer";
				COPY_PHASE_STRIP = NO;
				DEBUG_INFORMATION_FORMAT = dwarf;
				ENABLE_STRICT_OBJC_MSGSEND = YES;
				ENABLE_TESTABILITY = YES;
				GCC_C_LANGUAGE_STANDARD = gnu11;
				GCC_DYNAMIC_NO_PIC = NO;
				GCC_NO_COMMON_BLOCKS = YES;
				GCC_OPTIMIZATION_LEVEL = 0;
				GCC_PREPROCESSOR_DEFINITIONS = (
					"DEBUG=1",
					"$(inherited)",
				);
				GCC_WARN_64_TO_32_BIT_CONVERSION = YES;
				GCC_WARN_ABOUT_RETURN_TYPE = YES_ERROR;
				GCC_WARN_UNDECLARED_SELECTOR = YES;
				GCC_WARN_UNINITIALIZED_AUTOS = YES_AGGRESSIVE;
				GCC_WARN_UNUSED_FUNCTION = YES;
				GCC_WARN_UNUSED_VARIABLE = YES;
				IPHONEOS_DEPLOYMENT_TARGET = 12.1;
				MTL_ENABLE_DEBUG_INFO = INCLUDE_SOURCE;
				MTL_FAST_MATH = YES;
				ONLY_ACTIVE_ARCH = YES;
				SDKROOT = iphoneos;
				SWIFT_ACTIVE_COMPILATION_CONDITIONS = DEBUG;
				SWIFT_OPTIMIZATION_LEVEL = "-Onone";
			};
			name = Debug;
		};
		AAA15D882266815B00934A92 /* Release */ = {
			isa = XCBuildConfiguration;
			buildSettings = {
				ALWAYS_SEARCH_USER_PATHS = NO;
				CLANG_ANALYZER_NONNULL = YES;
				CLANG_ANALYZER_NUMBER_OBJECT_CONVERSION = YES_AGGRESSIVE;
				CLANG_CXX_LANGUAGE_STANDARD = "gnu++14";
				CLANG_CXX_LIBRARY = "libc++";
				CLANG_ENABLE_MODULES = YES;
				CLANG_ENABLE_OBJC_ARC = YES;
				CLANG_ENABLE_OBJC_WEAK = YES;
				CLANG_WARN_BLOCK_CAPTURE_AUTORELEASING = YES;
				CLANG_WARN_BOOL_CONVERSION = YES;
				CLANG_WARN_COMMA = YES;
				CLANG_WARN_CONSTANT_CONVERSION = YES;
				CLANG_WARN_DEPRECATED_OBJC_IMPLEMENTATIONS = YES;
				CLANG_WARN_DIRECT_OBJC_ISA_USAGE = YES_ERROR;
				CLANG_WARN_DOCUMENTATION_COMMENTS = YES;
				CLANG_WARN_EMPTY_BODY = YES;
				CLANG_WARN_ENUM_CONVERSION = YES;
				CLANG_WARN_INFINITE_RECURSION = YES;
				CLANG_WARN_INT_CONVERSION = YES;
				CLANG_WARN_NON_LITERAL_NULL_CONVERSION = YES;
				CLANG_WARN_OBJC_IMPLICIT_RETAIN_SELF = YES;
				CLANG_WARN_OBJC_LITERAL_CONVERSION = YES;
				CLANG_WARN_OBJC_ROOT_CLASS = YES_ERROR;
				CLANG_WARN_RANGE_LOOP_ANALYSIS = YES;
				CLANG_WARN_STRICT_PROTOTYPES = YES;
				CLANG_WARN_SUSPICIOUS_MOVE = YES;
				CLANG_WARN_UNGUARDED_AVAILABILITY = YES_AGGRESSIVE;
				CLANG_WARN_UNREACHABLE_CODE = YES;
				CLANG_WARN__DUPLICATE_METHOD_MATCH = YES;
				CODE_SIGN_IDENTITY = "iPhone Developer";
				COPY_PHASE_STRIP = NO;
				DEBUG_INFORMATION_FORMAT = "dwarf-with-dsym";
				ENABLE_NS_ASSERTIONS = NO;
				ENABLE_STRICT_OBJC_MSGSEND = YES;
				GCC_C_LANGUAGE_STANDARD = gnu11;
				GCC_NO_COMMON_BLOCKS = YES;
				GCC_WARN_64_TO_32_BIT_CONVERSION = YES;
				GCC_WARN_ABOUT_RETURN_TYPE = YES_ERROR;
				GCC_WARN_UNDECLARED_SELECTOR = YES;
				GCC_WARN_UNINITIALIZED_AUTOS = YES_AGGRESSIVE;
				GCC_WARN_UNUSED_FUNCTION = YES;
				GCC_WARN_UNUSED_VARIABLE = YES;
				IPHONEOS_DEPLOYMENT_TARGET = 12.1;
				MTL_ENABLE_DEBUG_INFO = NO;
				MTL_FAST_MATH = YES;
				SDKROOT = iphoneos;
				SWIFT_COMPILATION_MODE = wholemodule;
				SWIFT_OPTIMIZATION_LEVEL = "-O";
				VALIDATE_PRODUCT = YES;
			};
			name = Release;
		};
		AAA15D8A2266815B00934A92 /* Debug */ = {
			isa = XCBuildConfiguration;
			buildSettings = {
				ASSETCATALOG_COMPILER_APPICON_NAME = AppIcon;
				CODE_SIGN_STYLE = Automatic;
				DEVELOPMENT_TEAM = FY9SL6UH72;
				INFOPLIST_FILE = StormViewer/Info.plist;
				LD_RUNPATH_SEARCH_PATHS = (
					"$(inherited)",
					"@executable_path/Frameworks",
				);
				PRODUCT_BUNDLE_IDENTIFIER = com.ivsath.StormViewer;
				PRODUCT_NAME = "$(TARGET_NAME)";
				SWIFT_VERSION = 4.2;
				TARGETED_DEVICE_FAMILY = "1,2";
			};
			name = Debug;
		};
		AAA15D8B2266815B00934A92 /* Release */ = {
			isa = XCBuildConfiguration;
			buildSettings = {
				ASSETCATALOG_COMPILER_APPICON_NAME = AppIcon;
				CODE_SIGN_STYLE = Automatic;
				DEVELOPMENT_TEAM = FY9SL6UH72;
				INFOPLIST_FILE = StormViewer/Info.plist;
				LD_RUNPATH_SEARCH_PATHS = (
					"$(inherited)",
					"@executable_path/Frameworks",
				);
				PRODUCT_BUNDLE_IDENTIFIER = com.ivsath.StormViewer;
				PRODUCT_NAME = "$(TARGET_NAME)";
				SWIFT_VERSION = 4.2;
				TARGETED_DEVICE_FAMILY = "1,2";
			};
			name = Release;
		};
/* End XCBuildConfiguration section */

/* Begin XCConfigurationList section */
		AAA15D722266815A00934A92 /* Build configuration list for PBXProject "StormViewer" */ = {
			isa = XCConfigurationList;
			buildConfigurations = (
				AAA15D872266815B00934A92 /* Debug */,
				AAA15D882266815B00934A92 /* Release */,
			);
			defaultConfigurationIsVisible = 0;
			defaultConfigurationName = Release;
		};
		AAA15D892266815B00934A92 /* Build configuration list for PBXNativeTarget "StormViewer" */ = {
			isa = XCConfigurationList;
			buildConfigurations = (
				AAA15D8A2266815B00934A92 /* Debug */,
				AAA15D8B2266815B00934A92 /* Release */,
			);
			defaultConfigurationIsVisible = 0;
			defaultConfigurationName = Release;
		};
/* End XCConfigurationList section */
	};
	rootObject = AAA15D6F2266815A00934A92 /* Project object */;
}
